Microsoft Visual Studio Solution File, Format Version 9.00
# Visual Studio 2005
Project("{8BC9CEB8-8B4A-11D0-8D11-00A0C91BC942}") = "pyactivemq", "pyactivemq.vcproj", "{5EBBF96C-C76D-4AD8-805D-C2330FE7C64F}"
	ProjectSection(ProjectDependencies) = postProject
		{60E51A46-2E46-47A4-9BD8-C9D6A7EFCD26} = {60E51A46-2E46-47A4-9BD8-C9D6A7EFCD26}
	EndProjectSection
EndProject
Project("{8BC9CEB8-8B4A-11D0-8D11-00A0C91BC942}") = "vs2005-activemq", "..\..\activemq-cpp\vs2005-build\vs2005-activemq.vcproj", "{60E51A46-2E46-47A4-9BD8-C9D6A7EFCD26}"
	ProjectSection(ProjectDependencies) = postProject
		{E208EB6A-B011-4F27-84F3-92BE0A1AC0EF} = {E208EB6A-B011-4F27-84F3-92BE0A1AC0EF}
		{0CDB6C6B-81CC-49F6-A036-08627B2843F1} = {0CDB6C6B-81CC-49F6-A036-08627B2843F1}
		{0FFE66E1-8300-48E1-ABFD-3A50EF1CA988} = {0FFE66E1-8300-48E1-ABFD-3A50EF1CA988}
	EndProjectSection
EndProject
Project("{8BC9CEB8-8B4A-11D0-8D11-00A0C91BC942}") = "apr", "..\..\vs2005\apr\apr.vcproj", "{0FFE66E1-8300-48E1-ABFD-3A50EF1CA988}"
EndProject
Project("{8BC9CEB8-8B4A-11D0-8D11-00A0C91BC942}") = "aprutil", "..\..\vs2005\apr-util\aprutil.vcproj", "{E208EB6A-B011-4F27-84F3-92BE0A1AC0EF}"
EndProject
Project("{8BC9CEB8-8B4A-11D0-8D11-00A0C91BC942}") = "apriconv", "..\..\vs2005\apr-iconv\apriconv.vcproj", "{0CDB6C6B-81CC-49F6-A036-08627B2843F1}"
EndProject
Global
	GlobalSection(SolutionConfigurationPlatforms) = preSolution
		Debug|Win32 = Debug|Win32
		Release|Win32 = Release|Win32
	EndGlobalSection
	GlobalSection(ProjectConfigurationPlatforms) = postSolution
		{5EBBF96C-C76D-4AD8-805D-C2330FE7C64F}.Debug|Win32.ActiveCfg = Debug|Win32
		{5EBBF96C-C76D-4AD8-805D-C2330FE7C64F}.Debug|Win32.Build.0 = Debug|Win32
		{5EBBF96C-C76D-4AD8-805D-C2330FE7C64F}.Release|Win32.ActiveCfg = Release|Win32
		{5EBBF96C-C76D-4AD8-805D-C2330FE7C64F}.Release|Win32.Build.0 = Release|Win32
		{60E51A46-2E46-47A4-9BD8-C9D6A7EFCD26}.Debug|Win32.ActiveCfg = Debug|Win32
		{60E51A46-2E46-47A4-9BD8-C9D6A7EFCD26}.Debug|Win32.Build.0 = Debug|Win32
		{60E51A46-2E46-47A4-9BD8-C9D6A7EFCD26}.Release|Win32.ActiveCfg = Release|Win32
		{60E51A46-2E46-47A4-9BD8-C9D6A7EFCD26}.Release|Win32.Build.0 = Release|Win32
		{0FFE66E1-8300-48E1-ABFD-3A50EF1CA988}.Debug|Win32.ActiveCfg = Debug|Win32
		{0FFE66E1-8300-48E1-ABFD-3A50EF1CA988}.Debug|Win32.Build.0 = Debug|Win32
		{0FFE66E1-8300-48E1-ABFD-3A50EF1CA988}.Release|Win32.ActiveCfg = Release|Win32
		{0FFE66E1-8300-48E1-ABFD-3A50EF1CA988}.Release|Win32.Build.0 = Release|Win32
		{E208EB6A-B011-4F27-84F3-92BE0A1AC0EF}.Debug|Win32.ActiveCfg = Debug|Win32
		{E208EB6A-B011-4F27-84F3-92BE0A1AC0EF}.Debug|Win32.Build.0 = Debug|Win32
		{E208EB6A-B011-4F27-84F3-92BE0A1AC0EF}.Release|Win32.ActiveCfg = Release|Win32
		{E208EB6A-B011-4F27-84F3-92BE0A1AC0EF}.Release|Win32.Build.0 = Release|Win32
		{0CDB6C6B-81CC-49F6-A036-08627B2843F1}.Debug|Win32.ActiveCfg = Debug|Win32
		{0CDB6C6B-81CC-49F6-A036-08627B2843F1}.Debug|Win32.Build.0 = Debug|Win32
		{0CDB6C6B-81CC-49F6-A036-08627B2843F1}.Release|Win32.ActiveCfg = Release|Win32
		{0CDB6C6B-81CC-49F6-A036-08627B2843F1}.Release|Win32.Build.0 = Release|Win32
	EndGlobalSection
	GlobalSection(SolutionProperties) = preSolution
		HideSolutionNode = FALSE
	EndGlobalSection
EndGlobal
